// !$*UTF8*$!
{
	archiveVersion = 1;
	classes = {
	};
	objectVersion = 46;
	objects = {

/* Begin PBXBuildFile section */
		1FFD378A7B5473A4A1499C88 /* Pods_MerchantManager.framework in Frameworks */ = {isa = PBXBuildFile; fileRef = 7C42E4CA0ED77F0447EE0381 /* Pods_MerchantManager.framework */; };
		798F53A81ECC16A8003619B6 /* CacheManageProtocal.swift in Sources */ = {isa = PBXBuildFile; fileRef = 798F53A31ECC16A8003619B6 /* CacheManageProtocal.swift */; };
		798F53A91ECC16A8003619B6 /* DataPagingControl.swift in Sources */ = {isa = PBXBuildFile; fileRef = 798F53A41ECC16A8003619B6 /* DataPagingControl.swift */; };
		798F53AA1ECC16A8003619B6 /* Enums.swift in Sources */ = {isa = PBXBuildFile; fileRef = 798F53A51ECC16A8003619B6 /* Enums.swift */; };
		798F53AB1ECC16A8003619B6 /* SysConstants.swift in Sources */ = {isa = PBXBuildFile; fileRef = 798F53A61ECC16A8003619B6 /* SysConstants.swift */; };
		798F53AC1ECC16A8003619B6 /* UIConstants.swift in Sources */ = {isa = PBXBuildFile; fileRef = 798F53A71ECC16A8003619B6 /* UIConstants.swift */; };
		798F53BF1ECC17BA003619B6 /* AminConfig.swift in Sources */ = {isa = PBXBuildFile; fileRef = 798F53AE1ECC17BA003619B6 /* AminConfig.swift */; };
		798F53C01ECC17BA003619B6 /* ApiResponse.swift in Sources */ = {isa = PBXBuildFile; fileRef = 798F53AF1ECC17BA003619B6 /* ApiResponse.swift */; };
		798F53C11ECC17BA003619B6 /* LoginPostBody.swift in Sources */ = {isa = PBXBuildFile; fileRef = 798F53B01ECC17BA003619B6 /* LoginPostBody.swift */; };
		798F53C21ECC17BA003619B6 /* LoginResponse.swift in Sources */ = {isa = PBXBuildFile; fileRef = 798F53B11ECC17BA003619B6 /* LoginResponse.swift */; };
		798F53C31ECC17BA003619B6 /* OauthKeyPair.swift in Sources */ = {isa = PBXBuildFile; fileRef = 798F53B31ECC17BA003619B6 /* OauthKeyPair.swift */; };
		798F53C41ECC17BA003619B6 /* Order.swift in Sources */ = {isa = PBXBuildFile; fileRef = 798F53B41ECC17BA003619B6 /* Order.swift */; };
		798F53C51ECC17BA003619B6 /* OrderListSearchCondition.swift in Sources */ = {isa = PBXBuildFile; fileRef = 798F53B51ECC17BA003619B6 /* OrderListSearchCondition.swift */; };
		798F53C61ECC17BA003619B6 /* OrderListPostBody.swift in Sources */ = {isa = PBXBuildFile; fileRef = 798F53B61ECC17BA003619B6 /* OrderListPostBody.swift */; };
		798F53C71ECC17BA003619B6 /* PagingInfo.swift in Sources */ = {isa = PBXBuildFile; fileRef = 798F53B71ECC17BA003619B6 /* PagingInfo.swift */; };
		798F53C81ECC17BA003619B6 /* PagingOption.swift in Sources */ = {isa = PBXBuildFile; fileRef = 798F53B81ECC17BA003619B6 /* PagingOption.swift */; };
		798F53C91ECC17BA003619B6 /* PhoneComponents.swift in Sources */ = {isa = PBXBuildFile; fileRef = 798F53B91ECC17BA003619B6 /* PhoneComponents.swift */; };
		798F53CA1ECC17BA003619B6 /* Profile.swift in Sources */ = {isa = PBXBuildFile; fileRef = 798F53BB1ECC17BA003619B6 /* Profile.swift */; };
		798F53CB1ECC17BA003619B6 /* StoreGroup.swift in Sources */ = {isa = PBXBuildFile; fileRef = 798F53BD1ECC17BA003619B6 /* StoreGroup.swift */; };
		798F53CC1ECC17BA003619B6 /* TaxClass.swift in Sources */ = {isa = PBXBuildFile; fileRef = 798F53BE1ECC17BA003619B6 /* TaxClass.swift */; };
		798F53D01ECC1848003619B6 /* AccountManager.swift in Sources */ = {isa = PBXBuildFile; fileRef = 798F53CE1ECC1848003619B6 /* AccountManager.swift */; };
		798F53D11ECC1848003619B6 /* OrderList.swift in Sources */ = {isa = PBXBuildFile; fileRef = 798F53CF1ECC1848003619B6 /* OrderList.swift */; };
		798F53DC1ECC18EF003619B6 /* DashboardViewController.swift in Sources */ = {isa = PBXBuildFile; fileRef = 798F53D41ECC18EF003619B6 /* DashboardViewController.swift */; };
		798F53DD1ECC18EF003619B6 /* LoginViewController.swift in Sources */ = {isa = PBXBuildFile; fileRef = 798F53D51ECC18EF003619B6 /* LoginViewController.swift */; };
		798F53DE1ECC18EF003619B6 /* MenuTableViewController.swift in Sources */ = {isa = PBXBuildFile; fileRef = 798F53D61ECC18EF003619B6 /* MenuTableViewController.swift */; };
		798F53DF1ECC18EF003619B6 /* OrderListViewController.swift in Sources */ = {isa = PBXBuildFile; fileRef = 798F53D81ECC18EF003619B6 /* OrderListViewController.swift */; };
		798F53E01ECC18EF003619B6 /* SWRevealViewController.m in Sources */ = {isa = PBXBuildFile; fileRef = 798F53DB1ECC18EF003619B6 /* SWRevealViewController.m */; };
		798F53E31ECC1F2A003619B6 /* ApiManager.swift in Sources */ = {isa = PBXBuildFile; fileRef = 798F53E21ECC1F2A003619B6 /* ApiManager.swift */; };
		799F4CF01ECE0DB400566685 /* GroupList.swift in Sources */ = {isa = PBXBuildFile; fileRef = 799F4CEF1ECE0DB400566685 /* GroupList.swift */; };
		799F4CF51ECE2D2900566685 /* Store.swift in Sources */ = {isa = PBXBuildFile; fileRef = 799F4CF41ECE2D2900566685 /* Store.swift */; };
		799F4CF81ECE2E2C00566685 /* GeneralInfo.swift in Sources */ = {isa = PBXBuildFile; fileRef = 799F4CF71ECE2E2C00566685 /* GeneralInfo.swift */; };
		799F4CFA1ECE38D500566685 /* StoreHours.swift in Sources */ = {isa = PBXBuildFile; fileRef = 799F4CF91ECE38D500566685 /* StoreHours.swift */; };
		799F4CFC1ECE392900566685 /* Hours.swift in Sources */ = {isa = PBXBuildFile; fileRef = 799F4CFB1ECE392900566685 /* Hours.swift */; };
		799F4CFE1ECE3F1000566685 /* Address.swift in Sources */ = {isa = PBXBuildFile; fileRef = 799F4CFD1ECE3F1000566685 /* Address.swift */; };
		799F4D011ECE409D00566685 /* NotificationSetting.swift in Sources */ = {isa = PBXBuildFile; fileRef = 799F4D001ECE409D00566685 /* NotificationSetting.swift */; };
		799F4D031ECE419800566685 /* PrinterSetting.swift in Sources */ = {isa = PBXBuildFile; fileRef = 799F4D021ECE419800566685 /* PrinterSetting.swift */; };
		799F4D051ECE431400566685 /* PaymentSetting.swift in Sources */ = {isa = PBXBuildFile; fileRef = 799F4D041ECE431400566685 /* PaymentSetting.swift */; };
		799F4D081ECE468300566685 /* PaymentPaypal.swift in Sources */ = {isa = PBXBuildFile; fileRef = 799F4D071ECE468300566685 /* PaymentPaypal.swift */; };
		799F4D0A1ECE4ED000566685 /* PaymentStripe.swift in Sources */ = {isa = PBXBuildFile; fileRef = 799F4D091ECE4ED000566685 /* PaymentStripe.swift */; };
		799F4D0C1ECE4FC200566685 /* PaymentWechat.swift in Sources */ = {isa = PBXBuildFile; fileRef = 799F4D0B1ECE4FC200566685 /* PaymentWechat.swift */; };
		799F4D0F1ECE52BF00566685 /* StoreManager.swift in Sources */ = {isa = PBXBuildFile; fileRef = 799F4D0E1ECE52BF00566685 /* StoreManager.swift */; };
		799F4D111ECE541200566685 /* AlamofireExtension.swift in Sources */ = {isa = PBXBuildFile; fileRef = 799F4D101ECE541200566685 /* AlamofireExtension.swift */; };
		79D647411EC2B9F30045822C /* AppDelegate.swift in Sources */ = {isa = PBXBuildFile; fileRef = 79D647401EC2B9F30045822C /* AppDelegate.swift */; };
		79D647461EC2B9F30045822C /* Main.storyboard in Resources */ = {isa = PBXBuildFile; fileRef = 79D647441EC2B9F30045822C /* Main.storyboard */; };
		79D647481EC2B9F30045822C /* Assets.xcassets in Resources */ = {isa = PBXBuildFile; fileRef = 79D647471EC2B9F30045822C /* Assets.xcassets */; };
		79D6474B1EC2B9F30045822C /* LaunchScreen.storyboard in Resources */ = {isa = PBXBuildFile; fileRef = 79D647491EC2B9F30045822C /* LaunchScreen.storyboard */; };
		79D647561EC2B9F30045822C /* MerchantManagerTests.swift in Sources */ = {isa = PBXBuildFile; fileRef = 79D647551EC2B9F30045822C /* MerchantManagerTests.swift */; };
		79D647611EC2B9F40045822C /* MerchantManagerUITests.swift in Sources */ = {isa = PBXBuildFile; fileRef = 79D647601EC2B9F40045822C /* MerchantManagerUITests.swift */; };
/* End PBXBuildFile section */

/* Begin PBXContainerItemProxy section */
		79D647521EC2B9F30045822C /* PBXContainerItemProxy */ = {
			isa = PBXContainerItemProxy;
			containerPortal = 79D647351EC2B9F30045822C /* Project object */;
			proxyType = 1;
			remoteGlobalIDString = 79D6473C1EC2B9F30045822C;
			remoteInfo = MerchantManager;
		};
		79D6475D1EC2B9F40045822C /* PBXContainerItemProxy */ = {
			isa = PBXContainerItemProxy;
			containerPortal = 79D647351EC2B9F30045822C /* Project object */;
			proxyType = 1;
			remoteGlobalIDString = 79D6473C1EC2B9F30045822C;
			remoteInfo = MerchantManager;
		};
/* End PBXContainerItemProxy section */

/* Begin PBXFileReference section */
		798F53A31ECC16A8003619B6 /* CacheManageProtocal.swift */ = {isa = PBXFileReference; fileEncoding = 4; lastKnownFileType = sourcecode.swift; path = CacheManageProtocal.swift; sourceTree = "<group>"; };
		798F53A41ECC16A8003619B6 /* DataPagingControl.swift */ = {isa = PBXFileReference; fileEncoding = 4; lastKnownFileType = sourcecode.swift; path = DataPagingControl.swift; sourceTree = "<group>"; };
		798F53A51ECC16A8003619B6 /* Enums.swift */ = {isa = PBXFileReference; fileEncoding = 4; lastKnownFileType = sourcecode.swift; path = Enums.swift; sourceTree = "<group>"; };
		798F53A61ECC16A8003619B6 /* SysConstants.swift */ = {isa = PBXFileReference; fileEncoding = 4; lastKnownFileType = sourcecode.swift; path = SysConstants.swift; sourceTree = "<group>"; };
		798F53A71ECC16A8003619B6 /* UIConstants.swift */ = {isa = PBXFileReference; fileEncoding = 4; lastKnownFileType = sourcecode.swift; path = UIConstants.swift; sourceTree = "<group>"; };
		798F53AE1ECC17BA003619B6 /* AminConfig.swift */ = {isa = PBXFileReference; fileEncoding = 4; lastKnownFileType = sourcecode.swift; path = AminConfig.swift; sourceTree = "<group>"; };
		798F53AF1ECC17BA003619B6 /* ApiResponse.swift */ = {isa = PBXFileReference; fileEncoding = 4; lastKnownFileType = sourcecode.swift; path = ApiResponse.swift; sourceTree = "<group>"; };
		798F53B01ECC17BA003619B6 /* LoginPostBody.swift */ = {isa = PBXFileReference; fileEncoding = 4; lastKnownFileType = sourcecode.swift; path = LoginPostBody.swift; sourceTree = "<group>"; };
		798F53B11ECC17BA003619B6 /* LoginResponse.swift */ = {isa = PBXFileReference; fileEncoding = 4; lastKnownFileType = sourcecode.swift; path = LoginResponse.swift; sourceTree = "<group>"; };
		798F53B31ECC17BA003619B6 /* OauthKeyPair.swift */ = {isa = PBXFileReference; fileEncoding = 4; lastKnownFileType = sourcecode.swift; name = OauthKeyPair.swift; path = Order/OauthKeyPair.swift; sourceTree = "<group>"; };
		798F53B41ECC17BA003619B6 /* Order.swift */ = {isa = PBXFileReference; fileEncoding = 4; lastKnownFileType = sourcecode.swift; path = Order.swift; sourceTree = "<group>"; };
		798F53B51ECC17BA003619B6 /* OrderListSearchCondition.swift */ = {isa = PBXFileReference; fileEncoding = 4; lastKnownFileType = sourcecode.swift; path = OrderListSearchCondition.swift; sourceTree = "<group>"; };
		798F53B61ECC17BA003619B6 /* OrderListPostBody.swift */ = {isa = PBXFileReference; fileEncoding = 4; lastKnownFileType = sourcecode.swift; path = OrderListPostBody.swift; sourceTree = "<group>"; };
		798F53B71ECC17BA003619B6 /* PagingInfo.swift */ = {isa = PBXFileReference; fileEncoding = 4; lastKnownFileType = sourcecode.swift; path = PagingInfo.swift; sourceTree = "<group>"; };
		798F53B81ECC17BA003619B6 /* PagingOption.swift */ = {isa = PBXFileReference; fileEncoding = 4; lastKnownFileType = sourcecode.swift; path = PagingOption.swift; sourceTree = "<group>"; };
		798F53B91ECC17BA003619B6 /* PhoneComponents.swift */ = {isa = PBXFileReference; fileEncoding = 4; lastKnownFileType = sourcecode.swift; path = PhoneComponents.swift; sourceTree = "<group>"; };
		798F53BB1ECC17BA003619B6 /* Profile.swift */ = {isa = PBXFileReference; fileEncoding = 4; lastKnownFileType = sourcecode.swift; path = Profile.swift; sourceTree = "<group>"; };
		798F53BD1ECC17BA003619B6 /* StoreGroup.swift */ = {isa = PBXFileReference; fileEncoding = 4; lastKnownFileType = sourcecode.swift; path = StoreGroup.swift; sourceTree = "<group>"; };
		798F53BE1ECC17BA003619B6 /* TaxClass.swift */ = {isa = PBXFileReference; fileEncoding = 4; lastKnownFileType = sourcecode.swift; path = TaxClass.swift; sourceTree = "<group>"; };
		798F53CE1ECC1848003619B6 /* AccountManager.swift */ = {isa = PBXFileReference; fileEncoding = 4; lastKnownFileType = sourcecode.swift; path = AccountManager.swift; sourceTree = "<group>"; };
		798F53CF1ECC1848003619B6 /* OrderList.swift */ = {isa = PBXFileReference; fileEncoding = 4; lastKnownFileType = sourcecode.swift; path = OrderList.swift; sourceTree = "<group>"; };
		798F53D41ECC18EF003619B6 /* DashboardViewController.swift */ = {isa = PBXFileReference; fileEncoding = 4; lastKnownFileType = sourcecode.swift; path = DashboardViewController.swift; sourceTree = "<group>"; };
		798F53D51ECC18EF003619B6 /* LoginViewController.swift */ = {isa = PBXFileReference; fileEncoding = 4; lastKnownFileType = sourcecode.swift; path = LoginViewController.swift; sourceTree = "<group>"; };
		798F53D61ECC18EF003619B6 /* MenuTableViewController.swift */ = {isa = PBXFileReference; fileEncoding = 4; lastKnownFileType = sourcecode.swift; path = MenuTableViewController.swift; sourceTree = "<group>"; };
		798F53D81ECC18EF003619B6 /* OrderListViewController.swift */ = {isa = PBXFileReference; fileEncoding = 4; lastKnownFileType = sourcecode.swift; path = OrderListViewController.swift; sourceTree = "<group>"; };
		798F53DA1ECC18EF003619B6 /* SWRevealViewController.h */ = {isa = PBXFileReference; fileEncoding = 4; lastKnownFileType = sourcecode.c.h; path = SWRevealViewController.h; sourceTree = "<group>"; };
		798F53DB1ECC18EF003619B6 /* SWRevealViewController.m */ = {isa = PBXFileReference; fileEncoding = 4; lastKnownFileType = sourcecode.c.objc; path = SWRevealViewController.m; sourceTree = "<group>"; };
		798F53E21ECC1F2A003619B6 /* ApiManager.swift */ = {isa = PBXFileReference; fileEncoding = 4; lastKnownFileType = sourcecode.swift; path = ApiManager.swift; sourceTree = "<group>"; };
		799F4CEF1ECE0DB400566685 /* GroupList.swift */ = {isa = PBXFileReference; fileEncoding = 4; lastKnownFileType = sourcecode.swift; path = GroupList.swift; sourceTree = "<group>"; };
		799F4CF41ECE2D2900566685 /* Store.swift */ = {isa = PBXFileReference; fileEncoding = 4; lastKnownFileType = sourcecode.swift; name = Store.swift; path = MerchantManager/Models/Store.swift; sourceTree = SOURCE_ROOT; };
		799F4CF71ECE2E2C00566685 /* GeneralInfo.swift */ = {isa = PBXFileReference; fileEncoding = 4; lastKnownFileType = sourcecode.swift; path = GeneralInfo.swift; sourceTree = "<group>"; };
		799F4CF91ECE38D500566685 /* StoreHours.swift */ = {isa = PBXFileReference; fileEncoding = 4; lastKnownFileType = sourcecode.swift; path = StoreHours.swift; sourceTree = "<group>"; };
		799F4CFB1ECE392900566685 /* Hours.swift */ = {isa = PBXFileReference; fileEncoding = 4; lastKnownFileType = sourcecode.swift; name = Hours.swift; path = Store/Hours.swift; sourceTree = "<group>"; };
		799F4CFD1ECE3F1000566685 /* Address.swift */ = {isa = PBXFileReference; fileEncoding = 4; lastKnownFileType = sourcecode.swift; path = Address.swift; sourceTree = "<group>"; };
		799F4D001ECE409D00566685 /* NotificationSetting.swift */ = {isa = PBXFileReference; fileEncoding = 4; lastKnownFileType = sourcecode.swift; name = NotificationSetting.swift; path = ../NotificationSetting.swift; sourceTree = "<group>"; };
		799F4D021ECE419800566685 /* PrinterSetting.swift */ = {isa = PBXFileReference; fileEncoding = 4; lastKnownFileType = sourcecode.swift; path = PrinterSetting.swift; sourceTree = "<group>"; };
		799F4D041ECE431400566685 /* PaymentSetting.swift */ = {isa = PBXFileReference; fileEncoding = 4; lastKnownFileType = sourcecode.swift; path = PaymentSetting.swift; sourceTree = "<group>"; };
		799F4D071ECE468300566685 /* PaymentPaypal.swift */ = {isa = PBXFileReference; fileEncoding = 4; lastKnownFileType = sourcecode.swift; path = PaymentPaypal.swift; sourceTree = "<group>"; };
		799F4D091ECE4ED000566685 /* PaymentStripe.swift */ = {isa = PBXFileReference; fileEncoding = 4; lastKnownFileType = sourcecode.swift; path = PaymentStripe.swift; sourceTree = "<group>"; };
		799F4D0B1ECE4FC200566685 /* PaymentWechat.swift */ = {isa = PBXFileReference; fileEncoding = 4; lastKnownFileType = sourcecode.swift; path = PaymentWechat.swift; sourceTree = "<group>"; };
		799F4D0E1ECE52BF00566685 /* StoreManager.swift */ = {isa = PBXFileReference; fileEncoding = 4; lastKnownFileType = sourcecode.swift; path = StoreManager.swift; sourceTree = "<group>"; };
		799F4D101ECE541200566685 /* AlamofireExtension.swift */ = {isa = PBXFileReference; fileEncoding = 4; lastKnownFileType = sourcecode.swift; path = AlamofireExtension.swift; sourceTree = "<group>"; };
		79D6473D1EC2B9F30045822C /* MerchantManager.app */ = {isa = PBXFileReference; explicitFileType = wrapper.application; includeInIndex = 0; path = MerchantManager.app; sourceTree = BUILT_PRODUCTS_DIR; };
		79D647401EC2B9F30045822C /* AppDelegate.swift */ = {isa = PBXFileReference; lastKnownFileType = sourcecode.swift; path = AppDelegate.swift; sourceTree = "<group>"; };
		79D647451EC2B9F30045822C /* Base */ = {isa = PBXFileReference; lastKnownFileType = file.storyboard; name = Base; path = Base.lproj/Main.storyboard; sourceTree = "<group>"; };
		79D647471EC2B9F30045822C /* Assets.xcassets */ = {isa = PBXFileReference; lastKnownFileType = folder.assetcatalog; path = Assets.xcassets; sourceTree = "<group>"; };
		79D6474A1EC2B9F30045822C /* Base */ = {isa = PBXFileReference; lastKnownFileType = file.storyboard; name = Base; path = Base.lproj/LaunchScreen.storyboard; sourceTree = "<group>"; };
		79D6474C1EC2B9F30045822C /* Info.plist */ = {isa = PBXFileReference; lastKnownFileType = text.plist.xml; path = Info.plist; sourceTree = "<group>"; };
		79D647511EC2B9F30045822C /* MerchantManagerTests.xctest */ = {isa = PBXFileReference; explicitFileType = wrapper.cfbundle; includeInIndex = 0; path = MerchantManagerTests.xctest; sourceTree = BUILT_PRODUCTS_DIR; };
		79D647551EC2B9F30045822C /* MerchantManagerTests.swift */ = {isa = PBXFileReference; lastKnownFileType = sourcecode.swift; path = MerchantManagerTests.swift; sourceTree = "<group>"; };
		79D647571EC2B9F30045822C /* Info.plist */ = {isa = PBXFileReference; lastKnownFileType = text.plist.xml; path = Info.plist; sourceTree = "<group>"; };
		79D6475C1EC2B9F40045822C /* MerchantManagerUITests.xctest */ = {isa = PBXFileReference; explicitFileType = wrapper.cfbundle; includeInIndex = 0; path = MerchantManagerUITests.xctest; sourceTree = BUILT_PRODUCTS_DIR; };
		79D647601EC2B9F40045822C /* MerchantManagerUITests.swift */ = {isa = PBXFileReference; lastKnownFileType = sourcecode.swift; path = MerchantManagerUITests.swift; sourceTree = "<group>"; };
		79D647621EC2B9F40045822C /* Info.plist */ = {isa = PBXFileReference; lastKnownFileType = text.plist.xml; path = Info.plist; sourceTree = "<group>"; };
		79D647751EC2D5270045822C /* MerchantManager-Bridging-Header.h */ = {isa = PBXFileReference; lastKnownFileType = sourcecode.c.h; path = "MerchantManager-Bridging-Header.h"; sourceTree = "<group>"; };
		7C42E4CA0ED77F0447EE0381 /* Pods_MerchantManager.framework */ = {isa = PBXFileReference; explicitFileType = wrapper.framework; includeInIndex = 0; path = Pods_MerchantManager.framework; sourceTree = BUILT_PRODUCTS_DIR; };
		84BEC4FE1C96B95C70970FA8 /* Pods-MerchantManager.debug.xcconfig */ = {isa = PBXFileReference; includeInIndex = 1; lastKnownFileType = text.xcconfig; name = "Pods-MerchantManager.debug.xcconfig"; path = "Pods/Target Support Files/Pods-MerchantManager/Pods-MerchantManager.debug.xcconfig"; sourceTree = "<group>"; };
		F4C13142F869875E171AD993 /* Pods-MerchantManager.release.xcconfig */ = {isa = PBXFileReference; includeInIndex = 1; lastKnownFileType = text.xcconfig; name = "Pods-MerchantManager.release.xcconfig"; path = "Pods/Target Support Files/Pods-MerchantManager/Pods-MerchantManager.release.xcconfig"; sourceTree = "<group>"; };
/* End PBXFileReference section */

/* Begin PBXFrameworksBuildPhase section */
		79D6473A1EC2B9F30045822C /* Frameworks */ = {
			isa = PBXFrameworksBuildPhase;
			buildActionMask = 2147483647;
			files = (
				1FFD378A7B5473A4A1499C88 /* Pods_MerchantManager.framework in Frameworks */,
			);
			runOnlyForDeploymentPostprocessing = 0;
		};
		79D6474E1EC2B9F30045822C /* Frameworks */ = {
			isa = PBXFrameworksBuildPhase;
			buildActionMask = 2147483647;
			files = (
			);
			runOnlyForDeploymentPostprocessing = 0;
		};
		79D647591EC2B9F40045822C /* Frameworks */ = {
			isa = PBXFrameworksBuildPhase;
			buildActionMask = 2147483647;
			files = (
			);
			runOnlyForDeploymentPostprocessing = 0;
		};
/* End PBXFrameworksBuildPhase section */

/* Begin PBXGroup section */
		5A1381E6C655AE3BB3EF9E64 /* Frameworks */ = {
			isa = PBXGroup;
			children = (
				7C42E4CA0ED77F0447EE0381 /* Pods_MerchantManager.framework */,
			);
			name = Frameworks;
			sourceTree = "<group>";
		};
		798F53A21ECC16A8003619B6 /* Helpers */ = {
			isa = PBXGroup;
			children = (
				798F53E21ECC1F2A003619B6 /* ApiManager.swift */,
				798F53A31ECC16A8003619B6 /* CacheManageProtocal.swift */,
				798F53A41ECC16A8003619B6 /* DataPagingControl.swift */,
				798F53A51ECC16A8003619B6 /* Enums.swift */,
				798F53A61ECC16A8003619B6 /* SysConstants.swift */,
				798F53A71ECC16A8003619B6 /* UIConstants.swift */,
				799F4D101ECE541200566685 /* AlamofireExtension.swift */,
			);
			path = Helpers;
			sourceTree = "<group>";
		};
		798F53AD1ECC17BA003619B6 /* Models */ = {
			isa = PBXGroup;
			children = (
				799F4CFB1ECE392900566685 /* Hours.swift */,
				798F53AE1ECC17BA003619B6 /* AminConfig.swift */,
				798F53AF1ECC17BA003619B6 /* ApiResponse.swift */,
				798F53B01ECC17BA003619B6 /* LoginPostBody.swift */,
				798F53B11ECC17BA003619B6 /* LoginResponse.swift */,
				798F53B61ECC17BA003619B6 /* OrderListPostBody.swift */,
				798F53B71ECC17BA003619B6 /* PagingInfo.swift */,
				798F53B81ECC17BA003619B6 /* PagingOption.swift */,
				798F53B91ECC17BA003619B6 /* PhoneComponents.swift */,
				798F53BE1ECC17BA003619B6 /* TaxClass.swift */,
				798F53B31ECC17BA003619B6 /* OauthKeyPair.swift */,
				798F53B21ECC17BA003619B6 /* Order */,
				798F53BA1ECC17BA003619B6 /* Profile */,
				798F53BC1ECC17BA003619B6 /* Store */,
				799F4CFD1ECE3F1000566685 /* Address.swift */,
			);
			path = Models;
			sourceTree = "<group>";
		};
		798F53B21ECC17BA003619B6 /* Order */ = {
			isa = PBXGroup;
			children = (
				798F53B41ECC17BA003619B6 /* Order.swift */,
				798F53B51ECC17BA003619B6 /* OrderListSearchCondition.swift */,
			);
			path = Order;
			sourceTree = "<group>";
		};
		798F53BA1ECC17BA003619B6 /* Profile */ = {
			isa = PBXGroup;
			children = (
				798F53BB1ECC17BA003619B6 /* Profile.swift */,
			);
			path = Profile;
			sourceTree = "<group>";
		};
		798F53BC1ECC17BA003619B6 /* Store */ = {
			isa = PBXGroup;
			children = (
				799F4D061ECE460D00566685 /* Payment */,
				799F4D001ECE409D00566685 /* NotificationSetting.swift */,
				799F4CF41ECE2D2900566685 /* Store.swift */,
				798F53BD1ECC17BA003619B6 /* StoreGroup.swift */,
				799F4CF71ECE2E2C00566685 /* GeneralInfo.swift */,
				799F4CF91ECE38D500566685 /* StoreHours.swift */,
				799F4D021ECE419800566685 /* PrinterSetting.swift */,
				799F4D041ECE431400566685 /* PaymentSetting.swift */,
			);
			path = Store;
			sourceTree = "<group>";
		};
		798F53CD1ECC1848003619B6 /* Stores */ = {
			isa = PBXGroup;
			children = (
				798F53CE1ECC1848003619B6 /* AccountManager.swift */,
				798F53CF1ECC1848003619B6 /* OrderList.swift */,
				799F4CEF1ECE0DB400566685 /* GroupList.swift */,
				799F4D0E1ECE52BF00566685 /* StoreManager.swift */,
			);
			path = Stores;
			sourceTree = "<group>";
		};
		798F53D21ECC18EF003619B6 /* ViewControllers */ = {
			isa = PBXGroup;
			children = (
				798F53D51ECC18EF003619B6 /* LoginViewController.swift */,
				798F53D61ECC18EF003619B6 /* MenuTableViewController.swift */,
				798F53D31ECC18EF003619B6 /* DashboardViewControllers */,
				798F53D71ECC18EF003619B6 /* OrderViewControllers */,
				798F53D91ECC18EF003619B6 /* SWRevealViewController */,
			);
			path = ViewControllers;
			sourceTree = "<group>";
		};
		798F53D31ECC18EF003619B6 /* DashboardViewControllers */ = {
			isa = PBXGroup;
			children = (
				798F53D41ECC18EF003619B6 /* DashboardViewController.swift */,
			);
			path = DashboardViewControllers;
			sourceTree = "<group>";
		};
		798F53D71ECC18EF003619B6 /* OrderViewControllers */ = {
			isa = PBXGroup;
			children = (
				798F53D81ECC18EF003619B6 /* OrderListViewController.swift */,
			);
			path = OrderViewControllers;
			sourceTree = "<group>";
		};
		798F53D91ECC18EF003619B6 /* SWRevealViewController */ = {
			isa = PBXGroup;
			children = (
				798F53DA1ECC18EF003619B6 /* SWRevealViewController.h */,
				798F53DB1ECC18EF003619B6 /* SWRevealViewController.m */,
			);
			path = SWRevealViewController;
			sourceTree = "<group>";
		};
		798F53E11ECC1969003619B6 /* Views */ = {
			isa = PBXGroup;
			children = (
			);
			path = Views;
			sourceTree = "<group>";
		};
		799F4D061ECE460D00566685 /* Payment */ = {
			isa = PBXGroup;
			children = (
				799F4D071ECE468300566685 /* PaymentPaypal.swift */,
				799F4D091ECE4ED000566685 /* PaymentStripe.swift */,
				799F4D0B1ECE4FC200566685 /* PaymentWechat.swift */,
			);
			path = Payment;
			sourceTree = "<group>";
		};
		79D647341EC2B9F30045822C = {
			isa = PBXGroup;
			children = (
				79D6473F1EC2B9F30045822C /* MerchantManager */,
				79D647541EC2B9F30045822C /* MerchantManagerTests */,
				79D6475F1EC2B9F40045822C /* MerchantManagerUITests */,
				79D6473E1EC2B9F30045822C /* Products */,
				AB42183CADF6802FA542DCDE /* Pods */,
				5A1381E6C655AE3BB3EF9E64 /* Frameworks */,
			);
			sourceTree = "<group>";
		};
		79D6473E1EC2B9F30045822C /* Products */ = {
			isa = PBXGroup;
			children = (
				79D6473D1EC2B9F30045822C /* MerchantManager.app */,
				79D647511EC2B9F30045822C /* MerchantManagerTests.xctest */,
				79D6475C1EC2B9F40045822C /* MerchantManagerUITests.xctest */,
			);
			name = Products;
			sourceTree = "<group>";
		};
		79D6473F1EC2B9F30045822C /* MerchantManager */ = {
			isa = PBXGroup;
			children = (
				79D6476F1EC2D3B40045822C /* Resource */,
				79D6476E1EC2D3AD0045822C /* Source */,
				79D647401EC2B9F30045822C /* AppDelegate.swift */,
				79D647441EC2B9F30045822C /* Main.storyboard */,
				79D647471EC2B9F30045822C /* Assets.xcassets */,
				79D647751EC2D5270045822C /* MerchantManager-Bridging-Header.h */,
				79D647491EC2B9F30045822C /* LaunchScreen.storyboard */,
				79D6474C1EC2B9F30045822C /* Info.plist */,
			);
			path = MerchantManager;
			sourceTree = "<group>";
		};
		79D647541EC2B9F30045822C /* MerchantManagerTests */ = {
			isa = PBXGroup;
			children = (
				79D647551EC2B9F30045822C /* MerchantManagerTests.swift */,
				79D647571EC2B9F30045822C /* Info.plist */,
			);
			path = MerchantManagerTests;
			sourceTree = "<group>";
		};
		79D6475F1EC2B9F40045822C /* MerchantManagerUITests */ = {
			isa = PBXGroup;
			children = (
				79D647601EC2B9F40045822C /* MerchantManagerUITests.swift */,
				79D647621EC2B9F40045822C /* Info.plist */,
			);
			path = MerchantManagerUITests;
			sourceTree = "<group>";
		};
		79D6476E1EC2D3AD0045822C /* Source */ = {
			isa = PBXGroup;
			children = (
				798F53E11ECC1969003619B6 /* Views */,
				798F53D21ECC18EF003619B6 /* ViewControllers */,
				798F53CD1ECC1848003619B6 /* Stores */,
				798F53AD1ECC17BA003619B6 /* Models */,
				798F53A21ECC16A8003619B6 /* Helpers */,
			);
			name = Source;
			sourceTree = "<group>";
		};
		79D6476F1EC2D3B40045822C /* Resource */ = {
			isa = PBXGroup;
			children = (
			);
			name = Resource;
			sourceTree = "<group>";
		};
		AB42183CADF6802FA542DCDE /* Pods */ = {
			isa = PBXGroup;
			children = (
				84BEC4FE1C96B95C70970FA8 /* Pods-MerchantManager.debug.xcconfig */,
				F4C13142F869875E171AD993 /* Pods-MerchantManager.release.xcconfig */,
			);
			name = Pods;
			sourceTree = "<group>";
		};
/* End PBXGroup section */

/* Begin PBXNativeTarget section */
		79D6473C1EC2B9F30045822C /* MerchantManager */ = {
			isa = PBXNativeTarget;
			buildConfigurationList = 79D647651EC2B9F40045822C /* Build configuration list for PBXNativeTarget "MerchantManager" */;
			buildPhases = (
				613C95D99FC58B8BEC9E5614 /* [CP] Check Pods Manifest.lock */,
				79D647391EC2B9F30045822C /* Sources */,
				79D6473A1EC2B9F30045822C /* Frameworks */,
				79D6473B1EC2B9F30045822C /* Resources */,
				54BA4255BEAA7B6D9EC96159 /* [CP] Embed Pods Frameworks */,
				FC2513BC0DAE1A91741B7463 /* [CP] Copy Pods Resources */,
			);
			buildRules = (
			);
			dependencies = (
			);
			name = MerchantManager;
			productName = MerchantManager;
			productReference = 79D6473D1EC2B9F30045822C /* MerchantManager.app */;
			productType = "com.apple.product-type.application";
		};
		79D647501EC2B9F30045822C /* MerchantManagerTests */ = {
			isa = PBXNativeTarget;
			buildConfigurationList = 79D647681EC2B9F40045822C /* Build configuration list for PBXNativeTarget "MerchantManagerTests" */;
			buildPhases = (
				79D6474D1EC2B9F30045822C /* Sources */,
				79D6474E1EC2B9F30045822C /* Frameworks */,
				79D6474F1EC2B9F30045822C /* Resources */,
			);
			buildRules = (
			);
			dependencies = (
				79D647531EC2B9F30045822C /* PBXTargetDependency */,
			);
			name = MerchantManagerTests;
			productName = MerchantManagerTests;
			productReference = 79D647511EC2B9F30045822C /* MerchantManagerTests.xctest */;
			productType = "com.apple.product-type.bundle.unit-test";
		};
		79D6475B1EC2B9F40045822C /* MerchantManagerUITests */ = {
			isa = PBXNativeTarget;
			buildConfigurationList = 79D6476B1EC2B9F40045822C /* Build configuration list for PBXNativeTarget "MerchantManagerUITests" */;
			buildPhases = (
				79D647581EC2B9F40045822C /* Sources */,
				79D647591EC2B9F40045822C /* Frameworks */,
				79D6475A1EC2B9F40045822C /* Resources */,
			);
			buildRules = (
			);
			dependencies = (
				79D6475E1EC2B9F40045822C /* PBXTargetDependency */,
			);
			name = MerchantManagerUITests;
			productName = MerchantManagerUITests;
			productReference = 79D6475C1EC2B9F40045822C /* MerchantManagerUITests.xctest */;
			productType = "com.apple.product-type.bundle.ui-testing";
		};
/* End PBXNativeTarget section */

/* Begin PBXProject section */
		79D647351EC2B9F30045822C /* Project object */ = {
			isa = PBXProject;
			attributes = {
				LastSwiftUpdateCheck = 0830;
				LastUpgradeCheck = 0830;
				ORGANIZATIONNAME = richard;
				TargetAttributes = {
					79D6473C1EC2B9F30045822C = {
						CreatedOnToolsVersion = 8.3.2;
						LastSwiftMigration = 0830;
						ProvisioningStyle = Automatic;
					};
					79D647501EC2B9F30045822C = {
						CreatedOnToolsVersion = 8.3.2;
						ProvisioningStyle = Automatic;
						TestTargetID = 79D6473C1EC2B9F30045822C;
					};
					79D6475B1EC2B9F40045822C = {
						CreatedOnToolsVersion = 8.3.2;
						ProvisioningStyle = Automatic;
						TestTargetID = 79D6473C1EC2B9F30045822C;
					};
				};
			};
			buildConfigurationList = 79D647381EC2B9F30045822C /* Build configuration list for PBXProject "MerchantManager" */;
			compatibilityVersion = "Xcode 3.2";
			developmentRegion = English;
			hasScannedForEncodings = 0;
			knownRegions = (
				en,
				Base,
			);
			mainGroup = 79D647341EC2B9F30045822C;
			productRefGroup = 79D6473E1EC2B9F30045822C /* Products */;
			projectDirPath = "";
			projectRoot = "";
			targets = (
				79D6473C1EC2B9F30045822C /* MerchantManager */,
				79D647501EC2B9F30045822C /* MerchantManagerTests */,
				79D6475B1EC2B9F40045822C /* MerchantManagerUITests */,
			);
		};
/* End PBXProject section */

/* Begin PBXResourcesBuildPhase section */
		79D6473B1EC2B9F30045822C /* Resources */ = {
			isa = PBXResourcesBuildPhase;
			buildActionMask = 2147483647;
			files = (
				79D6474B1EC2B9F30045822C /* LaunchScreen.storyboard in Resources */,
				79D647481EC2B9F30045822C /* Assets.xcassets in Resources */,
				79D647461EC2B9F30045822C /* Main.storyboard in Resources */,
			);
			runOnlyForDeploymentPostprocessing = 0;
		};
		79D6474F1EC2B9F30045822C /* Resources */ = {
			isa = PBXResourcesBuildPhase;
			buildActionMask = 2147483647;
			files = (
			);
			runOnlyForDeploymentPostprocessing = 0;
		};
		79D6475A1EC2B9F40045822C /* Resources */ = {
			isa = PBXResourcesBuildPhase;
			buildActionMask = 2147483647;
			files = (
			);
			runOnlyForDeploymentPostprocessing = 0;
		};
/* End PBXResourcesBuildPhase section */

/* Begin PBXShellScriptBuildPhase section */
		54BA4255BEAA7B6D9EC96159 /* [CP] Embed Pods Frameworks */ = {
			isa = PBXShellScriptBuildPhase;
			buildActionMask = 2147483647;
			files = (
			);
			inputPaths = (
			);
			name = "[CP] Embed Pods Frameworks";
			outputPaths = (
			);
			runOnlyForDeploymentPostprocessing = 0;
			shellPath = /bin/sh;
			shellScript = "\"${SRCROOT}/Pods/Target Support Files/Pods-MerchantManager/Pods-MerchantManager-frameworks.sh\"\n";
			showEnvVarsInLog = 0;
		};
		613C95D99FC58B8BEC9E5614 /* [CP] Check Pods Manifest.lock */ = {
			isa = PBXShellScriptBuildPhase;
			buildActionMask = 2147483647;
			files = (
			);
			inputPaths = (
			);
			name = "[CP] Check Pods Manifest.lock";
			outputPaths = (
			);
			runOnlyForDeploymentPostprocessing = 0;
			shellPath = /bin/sh;
			shellScript = "diff \"${PODS_PODFILE_DIR_PATH}/Podfile.lock\" \"${PODS_ROOT}/Manifest.lock\" > /dev/null\nif [ $? != 0 ] ; then\n    # print error to STDERR\n    echo \"error: The sandbox is not in sync with the Podfile.lock. Run 'pod install' or update your CocoaPods installation.\" >&2\n    exit 1\nfi\n";
			showEnvVarsInLog = 0;
		};
		FC2513BC0DAE1A91741B7463 /* [CP] Copy Pods Resources */ = {
			isa = PBXShellScriptBuildPhase;
			buildActionMask = 2147483647;
			files = (
			);
			inputPaths = (
			);
			name = "[CP] Copy Pods Resources";
			outputPaths = (
			);
			runOnlyForDeploymentPostprocessing = 0;
			shellPath = /bin/sh;
			shellScript = "\"${SRCROOT}/Pods/Target Support Files/Pods-MerchantManager/Pods-MerchantManager-resources.sh\"\n";
			showEnvVarsInLog = 0;
		};
/* End PBXShellScriptBuildPhase section */

/* Begin PBXSourcesBuildPhase section */
		79D647391EC2B9F30045822C /* Sources */ = {
			isa = PBXSourcesBuildPhase;
			buildActionMask = 2147483647;
			files = (
				798F53C11ECC17BA003619B6 /* LoginPostBody.swift in Sources */,
				799F4CF81ECE2E2C00566685 /* GeneralInfo.swift in Sources */,
				798F53DC1ECC18EF003619B6 /* DashboardViewController.swift in Sources */,
				799F4D0F1ECE52BF00566685 /* StoreManager.swift in Sources */,
				798F53BF1ECC17BA003619B6 /* AminConfig.swift in Sources */,
				798F53C41ECC17BA003619B6 /* Order.swift in Sources */,
				799F4D031ECE419800566685 /* PrinterSetting.swift in Sources */,
				798F53CA1ECC17BA003619B6 /* Profile.swift in Sources */,
				798F53E01ECC18EF003619B6 /* SWRevealViewController.m in Sources */,
				798F53C21ECC17BA003619B6 /* LoginResponse.swift in Sources */,
				799F4D111ECE541200566685 /* AlamofireExtension.swift in Sources */,
				798F53AB1ECC16A8003619B6 /* SysConstants.swift in Sources */,
				799F4CFA1ECE38D500566685 /* StoreHours.swift in Sources */,
				799F4D081ECE468300566685 /* PaymentPaypal.swift in Sources */,
				799F4CFC1ECE392900566685 /* Hours.swift in Sources */,
				798F53C71ECC17BA003619B6 /* PagingInfo.swift in Sources */,
				799F4CFE1ECE3F1000566685 /* Address.swift in Sources */,
				798F53C91ECC17BA003619B6 /* PhoneComponents.swift in Sources */,
				798F53CB1ECC17BA003619B6 /* StoreGroup.swift in Sources */,
				799F4D0A1ECE4ED000566685 /* PaymentStripe.swift in Sources */,
				798F53AC1ECC16A8003619B6 /* UIConstants.swift in Sources */,
				798F53C61ECC17BA003619B6 /* OrderListPostBody.swift in Sources */,
				798F53DD1ECC18EF003619B6 /* LoginViewController.swift in Sources */,
				798F53C01ECC17BA003619B6 /* ApiResponse.swift in Sources */,
				799F4CF51ECE2D2900566685 /* Store.swift in Sources */,
				798F53C51ECC17BA003619B6 /* OrderListSearchCondition.swift in Sources */,
				799F4D011ECE409D00566685 /* NotificationSetting.swift in Sources */,
				798F53DF1ECC18EF003619B6 /* OrderListViewController.swift in Sources */,
				798F53A81ECC16A8003619B6 /* CacheManageProtocal.swift in Sources */,
				798F53C31ECC17BA003619B6 /* OauthKeyPair.swift in Sources */,
				798F53DE1ECC18EF003619B6 /* MenuTableViewController.swift in Sources */,
				799F4D051ECE431400566685 /* PaymentSetting.swift in Sources */,
				79D647411EC2B9F30045822C /* AppDelegate.swift in Sources */,
				798F53D11ECC1848003619B6 /* OrderList.swift in Sources */,
				799F4D0C1ECE4FC200566685 /* PaymentWechat.swift in Sources */,
				798F53CC1ECC17BA003619B6 /* TaxClass.swift in Sources */,
				798F53D01ECC1848003619B6 /* AccountManager.swift in Sources */,
				799F4CF01ECE0DB400566685 /* GroupList.swift in Sources */,
				798F53E31ECC1F2A003619B6 /* ApiManager.swift in Sources */,
				798F53A91ECC16A8003619B6 /* DataPagingControl.swift in Sources */,
				798F53AA1ECC16A8003619B6 /* Enums.swift in Sources */,
				798F53C81ECC17BA003619B6 /* PagingOption.swift in Sources */,
			);
			runOnlyForDeploymentPostprocessing = 0;
		};
		79D6474D1EC2B9F30045822C /* Sources */ = {
			isa = PBXSourcesBuildPhase;
			buildActionMask = 2147483647;
			files = (
				79D647561EC2B9F30045822C /* MerchantManagerTests.swift in Sources */,
			);
			runOnlyForDeploymentPostprocessing = 0;
		};
		79D647581EC2B9F40045822C /* Sources */ = {
			isa = PBXSourcesBuildPhase;
			buildActionMask = 2147483647;
			files = (
				79D647611EC2B9F40045822C /* MerchantManagerUITests.swift in Sources */,
			);
			runOnlyForDeploymentPostprocessing = 0;
		};
/* End PBXSourcesBuildPhase section */

/* Begin PBXTargetDependency section */
		79D647531EC2B9F30045822C /* PBXTargetDependency */ = {
			isa = PBXTargetDependency;
			target = 79D6473C1EC2B9F30045822C /* MerchantManager */;
			targetProxy = 79D647521EC2B9F30045822C /* PBXContainerItemProxy */;
		};
		79D6475E1EC2B9F40045822C /* PBXTargetDependency */ = {
			isa = PBXTargetDependency;
			target = 79D6473C1EC2B9F30045822C /* MerchantManager */;
			targetProxy = 79D6475D1EC2B9F40045822C /* PBXContainerItemProxy */;
		};
/* End PBXTargetDependency section */

/* Begin PBXVariantGroup section */
		79D647441EC2B9F30045822C /* Main.storyboard */ = {
			isa = PBXVariantGroup;
			children = (
				79D647451EC2B9F30045822C /* Base */,
			);
			name = Main.storyboard;
			sourceTree = "<group>";
		};
		79D647491EC2B9F30045822C /* LaunchScreen.storyboard */ = {
			isa = PBXVariantGroup;
			children = (
				79D6474A1EC2B9F30045822C /* Base */,
			);
			name = LaunchScreen.storyboard;
			sourceTree = "<group>";
		};
/* End PBXVariantGroup section */

/* Begin XCBuildConfiguration section */
		79D647631EC2B9F40045822C /* Debug */ = {
			isa = XCBuildConfiguration;
			buildSettings = {
				ALWAYS_SEARCH_USER_PATHS = NO;
				CLANG_ANALYZER_NONNULL = YES;
				CLANG_ANALYZER_NUMBER_OBJECT_CONVERSION = YES_AGGRESSIVE;
				CLANG_CXX_LANGUAGE_STANDARD = "gnu++0x";
				CLANG_CXX_LIBRARY = "libc++";
				CLANG_ENABLE_MODULES = YES;
				CLANG_ENABLE_OBJC_ARC = YES;
				CLANG_WARN_BOOL_CONVERSION = YES;
				CLANG_WARN_CONSTANT_CONVERSION = YES;
				CLANG_WARN_DIRECT_OBJC_ISA_USAGE = YES_ERROR;
				CLANG_WARN_DOCUMENTATION_COMMENTS = YES;
				CLANG_WARN_EMPTY_BODY = YES;
				CLANG_WARN_ENUM_CONVERSION = YES;
				CLANG_WARN_INFINITE_RECURSION = YES;
				CLANG_WARN_INT_CONVERSION = YES;
				CLANG_WARN_OBJC_ROOT_CLASS = YES_ERROR;
				CLANG_WARN_SUSPICIOUS_MOVE = YES;
				CLANG_WARN_UNREACHABLE_CODE = YES;
				CLANG_WARN__DUPLICATE_METHOD_MATCH = YES;
				"CODE_SIGN_IDENTITY[sdk=iphoneos*]" = "iPhone Developer";
				COPY_PHASE_STRIP = NO;
				DEBUG_INFORMATION_FORMAT = dwarf;
				ENABLE_STRICT_OBJC_MSGSEND = YES;
				ENABLE_TESTABILITY = YES;
				GCC_C_LANGUAGE_STANDARD = gnu99;
				GCC_DYNAMIC_NO_PIC = NO;
				GCC_NO_COMMON_BLOCKS = YES;
				GCC_OPTIMIZATION_LEVEL = 0;
				GCC_PREPROCESSOR_DEFINITIONS = (
					"DEBUG=1",
					"$(inherited)",
				);
				GCC_WARN_64_TO_32_BIT_CONVERSION = YES;
				GCC_WARN_ABOUT_RETURN_TYPE = YES_ERROR;
				GCC_WARN_UNDECLARED_SELECTOR = YES;
				GCC_WARN_UNINITIALIZED_AUTOS = YES_AGGRESSIVE;
				GCC_WARN_UNUSED_FUNCTION = YES;
				GCC_WARN_UNUSED_VARIABLE = YES;
				IPHONEOS_DEPLOYMENT_TARGET = 10.3;
				MTL_ENABLE_DEBUG_INFO = YES;
				ONLY_ACTIVE_ARCH = YES;
				SDKROOT = iphoneos;
				SWIFT_ACTIVE_COMPILATION_CONDITIONS = DEBUG;
				SWIFT_OPTIMIZATION_LEVEL = "-Onone";
				TARGETED_DEVICE_FAMILY = "1,2";
			};
			name = Debug;
		};
		79D647641EC2B9F40045822C /* Release */ = {
			isa = XCBuildConfiguration;
			buildSettings = {
				ALWAYS_SEARCH_USER_PATHS = NO;
				CLANG_ANALYZER_NONNULL = YES;
				CLANG_ANALYZER_NUMBER_OBJECT_CONVERSION = YES_AGGRESSIVE;
				CLANG_CXX_LANGUAGE_STANDARD = "gnu++0x";
				CLANG_CXX_LIBRARY = "libc++";
				CLANG_ENABLE_MODULES = YES;
				CLANG_ENABLE_OBJC_ARC = YES;
				CLANG_WARN_BOOL_CONVERSION = YES;
				CLANG_WARN_CONSTANT_CONVERSION = YES;
				CLANG_WARN_DIRECT_OBJC_ISA_USAGE = YES_ERROR;
				CLANG_WARN_DOCUMENTATION_COMMENTS = YES;
				CLANG_WARN_EMPTY_BODY = YES;
				CLANG_WARN_ENUM_CONVERSION = YES;
				CLANG_WARN_INFINITE_RECURSION = YES;
				CLANG_WARN_INT_CONVERSION = YES;
				CLANG_WARN_OBJC_ROOT_CLASS = YES_ERROR;
				CLANG_WARN_SUSPICIOUS_MOVE = YES;
				CLANG_WARN_UNREACHABLE_CODE = YES;
				CLANG_WARN__DUPLICATE_METHOD_MATCH = YES;
				"CODE_SIGN_IDENTITY[sdk=iphoneos*]" = "iPhone Developer";
				COPY_PHASE_STRIP = NO;
				DEBUG_INFORMATION_FORMAT = "dwarf-with-dsym";
				ENABLE_NS_ASSERTIONS = NO;
				ENABLE_STRICT_OBJC_MSGSEND = YES;
				GCC_C_LANGUAGE_STANDARD = gnu99;
				GCC_NO_COMMON_BLOCKS = YES;
				GCC_WARN_64_TO_32_BIT_CONVERSION = YES;
				GCC_WARN_ABOUT_RETURN_TYPE = YES_ERROR;
				GCC_WARN_UNDECLARED_SELECTOR = YES;
				GCC_WARN_UNINITIALIZED_AUTOS = YES_AGGRESSIVE;
				GCC_WARN_UNUSED_FUNCTION = YES;
				GCC_WARN_UNUSED_VARIABLE = YES;
				IPHONEOS_DEPLOYMENT_TARGET = 10.3;
				MTL_ENABLE_DEBUG_INFO = NO;
				SDKROOT = iphoneos;
				SWIFT_OPTIMIZATION_LEVEL = "-Owholemodule";
				TARGETED_DEVICE_FAMILY = "1,2";
				VALIDATE_PRODUCT = YES;
			};
			name = Release;
		};
		79D647661EC2B9F40045822C /* Debug */ = {
			isa = XCBuildConfiguration;
			baseConfigurationReference = 84BEC4FE1C96B95C70970FA8 /* Pods-MerchantManager.debug.xcconfig */;
			buildSettings = {
				ASSETCATALOG_COMPILER_APPICON_NAME = AppIcon;
				CLANG_ENABLE_MODULES = YES;
				INFOPLIST_FILE = MerchantManager/Info.plist;
				LD_RUNPATH_SEARCH_PATHS = "$(inherited) @executable_path/Frameworks";
				PRODUCT_BUNDLE_IDENTIFIER = richard.MerchantManager;
				PRODUCT_NAME = "$(TARGET_NAME)";
				SWIFT_OBJC_BRIDGING_HEADER = "MerchantManager/MerchantManager-Bridging-Header.h";
				SWIFT_OPTIMIZATION_LEVEL = "-Onone";
				SWIFT_VERSION = 3.0;
			};
			name = Debug;
		};
		79D647671EC2B9F40045822C /* Release */ = {
			isa = XCBuildConfiguration;
			baseConfigurationReference = F4C13142F869875E171AD993 /* Pods-MerchantManager.release.xcconfig */;
			buildSettings = {
				ASSETCATALOG_COMPILER_APPICON_NAME = AppIcon;
				CLANG_ENABLE_MODULES = YES;
				INFOPLIST_FILE = MerchantManager/Info.plist;
				LD_RUNPATH_SEARCH_PATHS = "$(inherited) @executable_path/Frameworks";
				PRODUCT_BUNDLE_IDENTIFIER = richard.MerchantManager;
				PRODUCT_NAME = "$(TARGET_NAME)";
				SWIFT_OBJC_BRIDGING_HEADER = "MerchantManager/MerchantManager-Bridging-Header.h";
				SWIFT_VERSION = 3.0;
			};
			name = Release;
		};
		79D647691EC2B9F40045822C /* Debug */ = {
			isa = XCBuildConfiguration;
			buildSettings = {
				ALWAYS_EMBED_SWIFT_STANDARD_LIBRARIES = YES;
				BUNDLE_LOADER = "$(TEST_HOST)";
				INFOPLIST_FILE = MerchantManagerTests/Info.plist;
				LD_RUNPATH_SEARCH_PATHS = "$(inherited) @executable_path/Frameworks @loader_path/Frameworks";
				PRODUCT_BUNDLE_IDENTIFIER = richard.MerchantManagerTests;
				PRODUCT_NAME = "$(TARGET_NAME)";
				SWIFT_VERSION = 3.0;
				TEST_HOST = "$(BUILT_PRODUCTS_DIR)/MerchantManager.app/MerchantManager";
			};
			name = Debug;
		};
		79D6476A1EC2B9F40045822C /* Release */ = {
			isa = XCBuildConfiguration;
			buildSettings = {
				ALWAYS_EMBED_SWIFT_STANDARD_LIBRARIES = YES;
				BUNDLE_LOADER = "$(TEST_HOST)";
				INFOPLIST_FILE = MerchantManagerTests/Info.plist;
				LD_RUNPATH_SEARCH_PATHS = "$(inherited) @executable_path/Frameworks @loader_path/Frameworks";
				PRODUCT_BUNDLE_IDENTIFIER = richard.MerchantManagerTests;
				PRODUCT_NAME = "$(TARGET_NAME)";
				SWIFT_VERSION = 3.0;
				TEST_HOST = "$(BUILT_PRODUCTS_DIR)/MerchantManager.app/MerchantManager";
			};
			name = Release;
		};
		79D6476C1EC2B9F40045822C /* Debug */ = {
			isa = XCBuildConfiguration;
			buildSettings = {
				ALWAYS_EMBED_SWIFT_STANDARD_LIBRARIES = YES;
				INFOPLIST_FILE = MerchantManagerUITests/Info.plist;
				LD_RUNPATH_SEARCH_PATHS = "$(inherited) @executable_path/Frameworks @loader_path/Frameworks";
				PRODUCT_BUNDLE_IDENTIFIER = richard.MerchantManagerUITests;
				PRODUCT_NAME = "$(TARGET_NAME)";
				SWIFT_VERSION = 3.0;
				TEST_TARGET_NAME = MerchantManager;
			};
			name = Debug;
		};
		79D6476D1EC2B9F40045822C /* Release */ = {
			isa = XCBuildConfiguration;
			buildSettings = {
				ALWAYS_EMBED_SWIFT_STANDARD_LIBRARIES = YES;
				INFOPLIST_FILE = MerchantManagerUITests/Info.plist;
				LD_RUNPATH_SEARCH_PATHS = "$(inherited) @executable_path/Frameworks @loader_path/Frameworks";
				PRODUCT_BUNDLE_IDENTIFIER = richard.MerchantManagerUITests;
				PRODUCT_NAME = "$(TARGET_NAME)";
				SWIFT_VERSION = 3.0;
				TEST_TARGET_NAME = MerchantManager;
			};
			name = Release;
		};
/* End XCBuildConfiguration section */

/* Begin XCConfigurationList section */
		79D647381EC2B9F30045822C /* Build configuration list for PBXProject "MerchantManager" */ = {
			isa = XCConfigurationList;
			buildConfigurations = (
				79D647631EC2B9F40045822C /* Debug */,
				79D647641EC2B9F40045822C /* Release */,
			);
			defaultConfigurationIsVisible = 0;
			defaultConfigurationName = Release;
		};
		79D647651EC2B9F40045822C /* Build configuration list for PBXNativeTarget "MerchantManager" */ = {
			isa = XCConfigurationList;
			buildConfigurations = (
				79D647661EC2B9F40045822C /* Debug */,
				79D647671EC2B9F40045822C /* Release */,
			);
			defaultConfigurationIsVisible = 0;
			defaultConfigurationName = Release;
		};
		79D647681EC2B9F40045822C /* Build configuration list for PBXNativeTarget "MerchantManagerTests" */ = {
			isa = XCConfigurationList;
			buildConfigurations = (
				79D647691EC2B9F40045822C /* Debug */,
				79D6476A1EC2B9F40045822C /* Release */,
			);
			defaultConfigurationIsVisible = 0;
			defaultConfigurationName = Release;
		};
		79D6476B1EC2B9F40045822C /* Build configuration list for PBXNativeTarget "MerchantManagerUITests" */ = {
			isa = XCConfigurationList;
			buildConfigurations = (
				79D6476C1EC2B9F40045822C /* Debug */,
				79D6476D1EC2B9F40045822C /* Release */,
			);
			defaultConfigurationIsVisible = 0;
			defaultConfigurationName = Release;
		};
/* End XCConfigurationList section */
	};
	rootObject = 79D647351EC2B9F30045822C /* Project object */;
}
